
Microsoft Visual Studio Solution File, Format Version 12.00
# Visual Studio 2012
Project("{2150E333-8FDC-42A3-9474-1A3956D46DE8}") = "testProgs", "testProgs", "{FE156DB7-76B2-4FCA-A28B-2DDE4591DC4C}"
EndProject
Project("{8BC9CEB8-8B4A-11D0-8D11-00A0C91BC942}") = "libMotion4D", "libMotion4D.vcxproj", "{6F279CDD-5D37-4022-9720-B7CAEBD2D50E}"
EndProject
Project("{8BC9CEB8-8B4A-11D0-8D11-00A0C91BC942}") = "calcGeodesic", "test\calcGeodesic\calcGeodesic.vcxproj", "{A32912CC-724F-450D-A206-13A8CFE48A81}"
EndProject
Project("{8BC9CEB8-8B4A-11D0-8D11-00A0C91BC942}") = "calcParallel", "test\calcParallel\calcParallel.vcxproj", "{A2B12413-5051-4179-81F7-5D9D986B9CC5}"
EndProject
Project("{8BC9CEB8-8B4A-11D0-8D11-00A0C91BC942}") = "testCircular", "test\testCircular\testCircular.vcxproj", "{00264A2C-ED46-4119-955C-B96DD6973C31}"
EndProject
Project("{8BC9CEB8-8B4A-11D0-8D11-00A0C91BC942}") = "testDatabase", "test\testDatabase\testDatabase.vcxproj", "{DB21E59B-A705-4FCA-87A5-7E2BF4F4528F}"
EndProject
Project("{8BC9CEB8-8B4A-11D0-8D11-00A0C91BC942}") = "testFWworldline", "test\testFWworldline\testFWworldline.vcxproj", "{DC7F8DC8-C6FC-4DF3-8A72-560D5CD3FF00}"
EndProject
Project("{8BC9CEB8-8B4A-11D0-8D11-00A0C91BC942}") = "testGeodesic", "test\testGeodesic\testGeodesic.vcxproj", "{AC275F5E-0054-4C69-80A7-61F4AABDD08F}"
EndProject
Project("{8BC9CEB8-8B4A-11D0-8D11-00A0C91BC942}") = "testJacobi", "test\testJacobi\testJacobi.vcxproj", "{E952F45E-1909-4C30-9F67-650B7769A722}"
EndProject
Global
	GlobalSection(SolutionConfigurationPlatforms) = preSolution
		Debug|Win32 = Debug|Win32
		Release|Win32 = Release|Win32
	EndGlobalSection
	GlobalSection(ProjectConfigurationPlatforms) = postSolution
		{6F279CDD-5D37-4022-9720-B7CAEBD2D50E}.Debug|Win32.ActiveCfg = Debug|Win32
		{6F279CDD-5D37-4022-9720-B7CAEBD2D50E}.Debug|Win32.Build.0 = Debug|Win32
		{6F279CDD-5D37-4022-9720-B7CAEBD2D50E}.Release|Win32.ActiveCfg = Release|Win32
		{6F279CDD-5D37-4022-9720-B7CAEBD2D50E}.Release|Win32.Build.0 = Release|Win32
		{A32912CC-724F-450D-A206-13A8CFE48A81}.Debug|Win32.ActiveCfg = Debug|Win32
		{A32912CC-724F-450D-A206-13A8CFE48A81}.Debug|Win32.Build.0 = Debug|Win32
		{A32912CC-724F-450D-A206-13A8CFE48A81}.Release|Win32.ActiveCfg = Release|Win32
		{A32912CC-724F-450D-A206-13A8CFE48A81}.Release|Win32.Build.0 = Release|Win32
		{A2B12413-5051-4179-81F7-5D9D986B9CC5}.Debug|Win32.ActiveCfg = Debug|Win32
		{A2B12413-5051-4179-81F7-5D9D986B9CC5}.Debug|Win32.Build.0 = Debug|Win32
		{A2B12413-5051-4179-81F7-5D9D986B9CC5}.Release|Win32.ActiveCfg = Release|Win32
		{A2B12413-5051-4179-81F7-5D9D986B9CC5}.Release|Win32.Build.0 = Release|Win32
		{00264A2C-ED46-4119-955C-B96DD6973C31}.Debug|Win32.ActiveCfg = Debug|Win32
		{00264A2C-ED46-4119-955C-B96DD6973C31}.Debug|Win32.Build.0 = Debug|Win32
		{00264A2C-ED46-4119-955C-B96DD6973C31}.Release|Win32.ActiveCfg = Release|Win32
		{00264A2C-ED46-4119-955C-B96DD6973C31}.Release|Win32.Build.0 = Release|Win32
		{DB21E59B-A705-4FCA-87A5-7E2BF4F4528F}.Debug|Win32.ActiveCfg = Debug|Win32
		{DB21E59B-A705-4FCA-87A5-7E2BF4F4528F}.Debug|Win32.Build.0 = Debug|Win32
		{DB21E59B-A705-4FCA-87A5-7E2BF4F4528F}.Release|Win32.ActiveCfg = Release|Win32
		{DB21E59B-A705-4FCA-87A5-7E2BF4F4528F}.Release|Win32.Build.0 = Release|Win32
		{DC7F8DC8-C6FC-4DF3-8A72-560D5CD3FF00}.Debug|Win32.ActiveCfg = Debug|Win32
		{DC7F8DC8-C6FC-4DF3-8A72-560D5CD3FF00}.Debug|Win32.Build.0 = Debug|Win32
		{DC7F8DC8-C6FC-4DF3-8A72-560D5CD3FF00}.Release|Win32.ActiveCfg = Release|Win32
		{DC7F8DC8-C6FC-4DF3-8A72-560D5CD3FF00}.Release|Win32.Build.0 = Release|Win32
		{AC275F5E-0054-4C69-80A7-61F4AABDD08F}.Debug|Win32.ActiveCfg = Debug|Win32
		{AC275F5E-0054-4C69-80A7-61F4AABDD08F}.Debug|Win32.Build.0 = Debug|Win32
		{AC275F5E-0054-4C69-80A7-61F4AABDD08F}.Release|Win32.ActiveCfg = Release|Win32
		{AC275F5E-0054-4C69-80A7-61F4AABDD08F}.Release|Win32.Build.0 = Release|Win32
		{E952F45E-1909-4C30-9F67-650B7769A722}.Debug|Win32.ActiveCfg = Debug|Win32
		{E952F45E-1909-4C30-9F67-650B7769A722}.Debug|Win32.Build.0 = Debug|Win32
		{E952F45E-1909-4C30-9F67-650B7769A722}.Release|Win32.ActiveCfg = Release|Win32
		{E952F45E-1909-4C30-9F67-650B7769A722}.Release|Win32.Build.0 = Release|Win32
	EndGlobalSection
	GlobalSection(SolutionProperties) = preSolution
		HideSolutionNode = FALSE
	EndGlobalSection
	GlobalSection(NestedProjects) = preSolution
		{A32912CC-724F-450D-A206-13A8CFE48A81} = {FE156DB7-76B2-4FCA-A28B-2DDE4591DC4C}
		{A2B12413-5051-4179-81F7-5D9D986B9CC5} = {FE156DB7-76B2-4FCA-A28B-2DDE4591DC4C}
		{00264A2C-ED46-4119-955C-B96DD6973C31} = {FE156DB7-76B2-4FCA-A28B-2DDE4591DC4C}
		{DB21E59B-A705-4FCA-87A5-7E2BF4F4528F} = {FE156DB7-76B2-4FCA-A28B-2DDE4591DC4C}
		{DC7F8DC8-C6FC-4DF3-8A72-560D5CD3FF00} = {FE156DB7-76B2-4FCA-A28B-2DDE4591DC4C}
		{AC275F5E-0054-4C69-80A7-61F4AABDD08F} = {FE156DB7-76B2-4FCA-A28B-2DDE4591DC4C}
		{E952F45E-1909-4C30-9F67-650B7769A722} = {FE156DB7-76B2-4FCA-A28B-2DDE4591DC4C}
	EndGlobalSection
EndGlobal
